// !$*UTF8*$!
{
	archiveVersion = 1;
	classes = {
	};
	objectVersion = 50;
	objects = {

/* Begin PBXBuildFile section */
		CE0CB97E217E0D620029D13F /* AppDelegate.m in Sources */ = {isa = PBXBuildFile; fileRef = CE0CB97D217E0D620029D13F /* AppDelegate.m */; };
		CE0CB984217E0D620029D13F /* Main.storyboard in Resources */ = {isa = PBXBuildFile; fileRef = CE0CB982217E0D620029D13F /* Main.storyboard */; };
		CE0CB986217E0D630029D13F /* Assets.xcassets in Resources */ = {isa = PBXBuildFile; fileRef = CE0CB985217E0D630029D13F /* Assets.xcassets */; };
		CE0CB989217E0D630029D13F /* LaunchScreen.storyboard in Resources */ = {isa = PBXBuildFile; fileRef = CE0CB987217E0D630029D13F /* LaunchScreen.storyboard */; };
		CE0CB98C217E0D640029D13F /* main.m in Sources */ = {isa = PBXBuildFile; fileRef = CE0CB98B217E0D640029D13F /* main.m */; };
		CEF3B1AC217E244300BF120B /* TableViewController.m in Sources */ = {isa = PBXBuildFile; fileRef = CEF3B1AB217E244300BF120B /* TableViewController.m */; };
		CEF3B1AF217E248200BF120B /* CustomCell.m in Sources */ = {isa = PBXBuildFile; fileRef = CEF3B1AE217E248200BF120B /* CustomCell.m */; };
		CEF3B1BA217FC3A900BF120B /* NewsViewController.m in Sources */ = {isa = PBXBuildFile; fileRef = CEF3B1B9217FC3A900BF120B /* NewsViewController.m */; };
		CEF3B1BD2180855B00BF120B /* UserNotifications.framework in Frameworks */ = {isa = PBXBuildFile; fileRef = CEF3B1BC2180855B00BF120B /* UserNotifications.framework */; };
/* End PBXBuildFile section */

/* Begin PBXFileReference section */
		CE0CB979217E0D620029D13F /* NewsApp.app */ = {isa = PBXFileReference; explicitFileType = wrapper.application; includeInIndex = 0; path = NewsApp.app; sourceTree = BUILT_PRODUCTS_DIR; };
		CE0CB97C217E0D620029D13F /* AppDelegate.h */ = {isa = PBXFileReference; lastKnownFileType = sourcecode.c.h; path = AppDelegate.h; sourceTree = "<group>"; };
		CE0CB97D217E0D620029D13F /* AppDelegate.m */ = {isa = PBXFileReference; lastKnownFileType = sourcecode.c.objc; path = AppDelegate.m; sourceTree = "<group>"; };
		CE0CB983217E0D620029D13F /* Base */ = {isa = PBXFileReference; lastKnownFileType = file.storyboard; name = Base; path = Base.lproj/Main.storyboard; sourceTree = "<group>"; };
		CE0CB985217E0D630029D13F /* Assets.xcassets */ = {isa = PBXFileReference; lastKnownFileType = folder.assetcatalog; path = Assets.xcassets; sourceTree = "<group>"; };
		CE0CB988217E0D630029D13F /* Base */ = {isa = PBXFileReference; lastKnownFileType = file.storyboard; name = Base; path = Base.lproj/LaunchScreen.storyboard; sourceTree = "<group>"; };
		CE0CB98A217E0D640029D13F /* Info.plist */ = {isa = PBXFileReference; lastKnownFileType = text.plist.xml; path = Info.plist; sourceTree = "<group>"; };
		CE0CB98B217E0D640029D13F /* main.m */ = {isa = PBXFileReference; lastKnownFileType = sourcecode.c.objc; path = main.m; sourceTree = "<group>"; };
		CEF3B1AA217E244300BF120B /* TableViewController.h */ = {isa = PBXFileReference; lastKnownFileType = sourcecode.c.h; path = TableViewController.h; sourceTree = "<group>"; };
		CEF3B1AB217E244300BF120B /* TableViewController.m */ = {isa = PBXFileReference; lastKnownFileType = sourcecode.c.objc; path = TableViewController.m; sourceTree = "<group>"; };
		CEF3B1AD217E248200BF120B /* CustomCell.h */ = {isa = PBXFileReference; lastKnownFileType = sourcecode.c.h; path = CustomCell.h; sourceTree = "<group>"; };
		CEF3B1AE217E248200BF120B /* CustomCell.m */ = {isa = PBXFileReference; lastKnownFileType = sourcecode.c.objc; path = CustomCell.m; sourceTree = "<group>"; };
		CEF3B1B8217FC3A900BF120B /* NewsViewController.h */ = {isa = PBXFileReference; lastKnownFileType = sourcecode.c.h; path = NewsViewController.h; sourceTree = "<group>"; };
		CEF3B1B9217FC3A900BF120B /* NewsViewController.m */ = {isa = PBXFileReference; lastKnownFileType = sourcecode.c.objc; path = NewsViewController.m; sourceTree = "<group>"; };
		CEF3B1BC2180855B00BF120B /* UserNotifications.framework */ = {isa = PBXFileReference; lastKnownFileType = wrapper.framework; name = UserNotifications.framework; path = System/Library/Frameworks/UserNotifications.framework; sourceTree = SDKROOT; };
		CEF596342180917B002AAD5B /* NewsApp.entitlements */ = {isa = PBXFileReference; lastKnownFileType = text.plist.entitlements; path = NewsApp.entitlements; sourceTree = "<group>"; };
/* End PBXFileReference section */

/* Begin PBXFrameworksBuildPhase section */
		CE0CB976217E0D620029D13F /* Frameworks */ = {
			isa = PBXFrameworksBuildPhase;
			buildActionMask = 2147483647;
			files = (
				CEF3B1BD2180855B00BF120B /* UserNotifications.framework in Frameworks */,
			);
			runOnlyForDeploymentPostprocessing = 0;
		};
/* End PBXFrameworksBuildPhase section */

/* Begin PBXGroup section */
		CE0CB970217E0D620029D13F = {
			isa = PBXGroup;
			children = (
				CE0CB97B217E0D620029D13F /* NewsApp */,
				CE0CB97A217E0D620029D13F /* Products */,
				CEF3B1BB2180855B00BF120B /* Frameworks */,
			);
			sourceTree = "<group>";
		};
		CE0CB97A217E0D620029D13F /* Products */ = {
			isa = PBXGroup;
			children = (
				CE0CB979217E0D620029D13F /* NewsApp.app */,
			);
			name = Products;
			sourceTree = "<group>";
		};
		CE0CB97B217E0D620029D13F /* NewsApp */ = {
			isa = PBXGroup;
			children = (
				CEF596342180917B002AAD5B /* NewsApp.entitlements */,
				CE0CB97C217E0D620029D13F /* AppDelegate.h */,
				CE0CB97D217E0D620029D13F /* AppDelegate.m */,
				CE0CB982217E0D620029D13F /* Main.storyboard */,
				CE0CB985217E0D630029D13F /* Assets.xcassets */,
				CE0CB987217E0D630029D13F /* LaunchScreen.storyboard */,
				CE0CB98A217E0D640029D13F /* Info.plist */,
				CE0CB98B217E0D640029D13F /* main.m */,
				CEF3B1AA217E244300BF120B /* TableViewController.h */,
				CEF3B1AB217E244300BF120B /* TableViewController.m */,
				CEF3B1AD217E248200BF120B /* CustomCell.h */,
				CEF3B1AE217E248200BF120B /* CustomCell.m */,
				CEF3B1B8217FC3A900BF120B /* NewsViewController.h */,
				CEF3B1B9217FC3A900BF120B /* NewsViewController.m */,
			);
			path = NewsApp;
			sourceTree = "<group>";
		};
		CEF3B1BB2180855B00BF120B /* Frameworks */ = {
			isa = PBXGroup;
			children = (
				CEF3B1BC2180855B00BF120B /* UserNotifications.framework */,
			);
			name = Frameworks;
			sourceTree = "<group>";
		};
/* End PBXGroup section */

/* Begin PBXNativeTarget section */
		CE0CB978217E0D620029D13F /* NewsApp */ = {
			isa = PBXNativeTarget;
			buildConfigurationList = CE0CB98F217E0D640029D13F /* Build configuration list for PBXNativeTarget "NewsApp" */;
			buildPhases = (
				CE0CB975217E0D620029D13F /* Sources */,
				CE0CB976217E0D620029D13F /* Frameworks */,
				CE0CB977217E0D620029D13F /* Resources */,
			);
			buildRules = (
			);
			dependencies = (
			);
			name = NewsApp;
			productName = NewsApp;
			productReference = CE0CB979217E0D620029D13F /* NewsApp.app */;
			productType = "com.apple.product-type.application";
		};
/* End PBXNativeTarget section */

/* Begin PBXProject section */
		CE0CB971217E0D620029D13F /* Project object */ = {
			isa = PBXProject;
			attributes = {
				LastUpgradeCheck = 0940;
				ORGANIZATIONNAME = My;
				TargetAttributes = {
					CE0CB978217E0D620029D13F = {
						CreatedOnToolsVersion = 9.4.1;
						SystemCapabilities = {
							com.apple.Push = {
								enabled = 1;
							};
						};
					};
				};
			};
			buildConfigurationList = CE0CB974217E0D620029D13F /* Build configuration list for PBXProject "NewsApp" */;
			compatibilityVersion = "Xcode 9.3";
			developmentRegion = en;
			hasScannedForEncodings = 0;
			knownRegions = (
				en,
				Base,
			);
			mainGroup = CE0CB970217E0D620029D13F;
			productRefGroup = CE0CB97A217E0D620029D13F /* Products */;
			projectDirPath = "";
			projectRoot = "";
			targets = (
				CE0CB978217E0D620029D13F /* NewsApp */,
			);
		};
/* End PBXProject section */

/* Begin PBXResourcesBuildPhase section */
		CE0CB977217E0D620029D13F /* Resources */ = {
			isa = PBXResourcesBuildPhase;
			buildActionMask = 2147483647;
			files = (
				CE0CB989217E0D630029D13F /* LaunchScreen.storyboard in Resources */,
				CE0CB986217E0D630029D13F /* Assets.xcassets in Resources */,
				CE0CB984217E0D620029D13F /* Main.storyboard in Resources */,
			);
			runOnlyForDeploymentPostprocessing = 0;
		};
/* End PBXResourcesBuildPhase section */

/* Begin PBXSourcesBuildPhase section */
		CE0CB975217E0D620029D13F /* Sources */ = {
			isa = PBXSourcesBuildPhase;
			buildActionMask = 2147483647;
			files = (
				CE0CB98C217E0D640029D13F /* main.m in Sources */,
				CE0CB97E217E0D620029D13F /* AppDelegate.m in Sources */,
				CEF3B1AC217E244300BF120B /* TableViewController.m in Sources */,
				CEF3B1BA217FC3A900BF120B /* NewsViewController.m in Sources */,
				CEF3B1AF217E248200BF120B /* CustomCell.m in Sources */,
			);
			runOnlyForDeploymentPostprocessing = 0;
		};
/* End PBXSourcesBuildPhase section */

/* Begin PBXVariantGroup section */
		CE0CB982217E0D620029D13F /* Main.storyboard */ = {
			isa = PBXVariantGroup;
			children = (
				CE0CB983217E0D620029D13F /* Base */,
			);
			name = Main.storyboard;
			sourceTree = "<group>";
		};
		CE0CB987217E0D630029D13F /* LaunchScreen.storyboard */ = {
			isa = PBXVariantGroup;
			children = (
				CE0CB988217E0D630029D13F /* Base */,
			);
			name = LaunchScreen.storyboard;
			sourceTree = "<group>";
		};
/* End PBXVariantGroup section */

/* Begin XCBuildConfiguration section */
		CE0CB98D217E0D640029D13F /* Debug */ = {
			isa = XCBuildConfiguration;
			buildSettings = {
				ALWAYS_SEARCH_USER_PATHS = NO;
				CLANG_ANALYZER_NONNULL = YES;
				CLANG_ANALYZER_NUMBER_OBJECT_CONVERSION = YES_AGGRESSIVE;
				CLANG_CXX_LANGUAGE_STANDARD = "gnu++14";
				CLANG_CXX_LIBRARY = "libc++";
				CLANG_ENABLE_MODULES = YES;
				CLANG_ENABLE_OBJC_ARC = YES;
				CLANG_ENABLE_OBJC_WEAK = YES;
				CLANG_WARN_BLOCK_CAPTURE_AUTORELEASING = YES;
				CLANG_WARN_BOOL_CONVERSION = YES;
				CLANG_WARN_COMMA = YES;
				CLANG_WARN_CONSTANT_CONVERSION = YES;
				CLANG_WARN_DEPRECATED_OBJC_IMPLEMENTATIONS = YES;
				CLANG_WARN_DIRECT_OBJC_ISA_USAGE = YES_ERROR;
				CLANG_WARN_DOCUMENTATION_COMMENTS = YES;
				CLANG_WARN_EMPTY_BODY = YES;
				CLANG_WARN_ENUM_CONVERSION = YES;
				CLANG_WARN_INFINITE_RECURSION = YES;
				CLANG_WARN_INT_CONVERSION = YES;
				CLANG_WARN_NON_LITERAL_NULL_CONVERSION = YES;
				CLANG_WARN_OBJC_IMPLICIT_RETAIN_SELF = YES;
				CLANG_WARN_OBJC_LITERAL_CONVERSION = YES;
				CLANG_WARN_OBJC_ROOT_CLASS = YES_ERROR;
				CLANG_WARN_RANGE_LOOP_ANALYSIS = YES;
				CLANG_WARN_STRICT_PROTOTYPES = YES;
				CLANG_WARN_SUSPICIOUS_MOVE = YES;
				CLANG_WARN_UNGUARDED_AVAILABILITY = YES_AGGRESSIVE;
				CLANG_WARN_UNREACHABLE_CODE = YES;
				CLANG_WARN__DUPLICATE_METHOD_MATCH = YES;
				CODE_SIGN_IDENTITY = "iPhone Developer";
				COPY_PHASE_STRIP = NO;
				DEBUG_INFORMATION_FORMAT = dwarf;
				ENABLE_STRICT_OBJC_MSGSEND = YES;
				ENABLE_TESTABILITY = YES;
				GCC_C_LANGUAGE_STANDARD = gnu11;
				GCC_DYNAMIC_NO_PIC = NO;
				GCC_NO_COMMON_BLOCKS = YES;
				GCC_OPTIMIZATION_LEVEL = 0;
				GCC_PREPROCESSOR_DEFINITIONS = (
					"DEBUG=1",
					"$(inherited)",
				);
				GCC_WARN_64_TO_32_BIT_CONVERSION = YES;
				GCC_WARN_ABOUT_RETURN_TYPE = YES_ERROR;
				GCC_WARN_UNDECLARED_SELECTOR = YES;
				GCC_WARN_UNINITIALIZED_AUTOS = YES_AGGRESSIVE;
				GCC_WARN_UNUSED_FUNCTION = YES;
				GCC_WARN_UNUSED_VARIABLE = YES;
				IPHONEOS_DEPLOYMENT_TARGET = 11.4;
				MTL_ENABLE_DEBUG_INFO = YES;
				ONLY_ACTIVE_ARCH = YES;
				SDKROOT = iphoneos;
			};
			name = Debug;
		};
		CE0CB98E217E0D640029D13F /* Release */ = {
			isa = XCBuildConfiguration;
			buildSettings = {
				ALWAYS_SEARCH_USER_PATHS = NO;
				CLANG_ANALYZER_NONNULL = YES;
				CLANG_ANALYZER_NUMBER_OBJECT_CONVERSION = YES_AGGRESSIVE;
				CLANG_CXX_LANGUAGE_STANDARD = "gnu++14";
				CLANG_CXX_LIBRARY = "libc++";
				CLANG_ENABLE_MODULES = YES;
				CLANG_ENABLE_OBJC_ARC = YES;
				CLANG_ENABLE_OBJC_WEAK = YES;
				CLANG_WARN_BLOCK_CAPTURE_AUTORELEASING = YES;
				CLANG_WARN_BOOL_CONVERSION = YES;
				CLANG_WARN_COMMA = YES;
				CLANG_WARN_CONSTANT_CONVERSION = YES;
				CLANG_WARN_DEPRECATED_OBJC_IMPLEMENTATIONS = YES;
				CLANG_WARN_DIRECT_OBJC_ISA_USAGE = YES_ERROR;
				CLANG_WARN_DOCUMENTATION_COMMENTS = YES;
				CLANG_WARN_EMPTY_BODY = YES;
				CLANG_WARN_ENUM_CONVERSION = YES;
				CLANG_WARN_INFINITE_RECURSION = YES;
				CLANG_WARN_INT_CONVERSION = YES;
				CLANG_WARN_NON_LITERAL_NULL_CONVERSION = YES;
				CLANG_WARN_OBJC_IMPLICIT_RETAIN_SELF = YES;
				CLANG_WARN_OBJC_LITERAL_CONVERSION = YES;
				CLANG_WARN_OBJC_ROOT_CLASS = YES_ERROR;
				CLANG_WARN_RANGE_LOOP_ANALYSIS = YES;
				CLANG_WARN_STRICT_PROTOTYPES = YES;
				CLANG_WARN_SUSPICIOUS_MOVE = YES;
				CLANG_WARN_UNGUARDED_AVAILABILITY = YES_AGGRESSIVE;
				CLANG_WARN_UNREACHABLE_CODE = YES;
				CLANG_WARN__DUPLICATE_METHOD_MATCH = YES;
				CODE_SIGN_IDENTITY = "iPhone Developer";
				COPY_PHASE_STRIP = NO;
				DEBUG_INFORMATION_FORMAT = "dwarf-with-dsym";
				ENABLE_NS_ASSERTIONS = NO;
				ENABLE_STRICT_OBJC_MSGSEND = YES;
				GCC_C_LANGUAGE_STANDARD = gnu11;
				GCC_NO_COMMON_BLOCKS = YES;
				GCC_WARN_64_TO_32_BIT_CONVERSION = YES;
				GCC_WARN_ABOUT_RETURN_TYPE = YES_ERROR;
				GCC_WARN_UNDECLARED_SELECTOR = YES;
				GCC_WARN_UNINITIALIZED_AUTOS = YES_AGGRESSIVE;
				GCC_WARN_UNUSED_FUNCTION = YES;
				GCC_WARN_UNUSED_VARIABLE = YES;
				IPHONEOS_DEPLOYMENT_TARGET = 11.4;
				MTL_ENABLE_DEBUG_INFO = NO;
				SDKROOT = iphoneos;
				VALIDATE_PRODUCT = YES;
			};
			name = Release;
		};
		CE0CB990217E0D640029D13F /* Debug */ = {
			isa = XCBuildConfiguration;
			buildSettings = {
				ASSETCATALOG_COMPILER_APPICON_NAME = AppIcon;
				CODE_SIGN_ENTITLEMENTS = NewsApp/NewsApp.entitlements;
				CODE_SIGN_STYLE = Automatic;
				DEVELOPMENT_TEAM = X4HK63PPXB;
				INFOPLIST_FILE = NewsApp/Info.plist;
				LD_RUNPATH_SEARCH_PATHS = (
					"$(inherited)",
					"@executable_path/Frameworks",
				);
				PRODUCT_BUNDLE_IDENTIFIER = com.app1.NewsApp;
				PRODUCT_NAME = "$(TARGET_NAME)";
				TARGETED_DEVICE_FAMILY = "1,2";
			};
			name = Debug;
		};
		CE0CB991217E0D640029D13F /* Release */ = {
			isa = XCBuildConfiguration;
			buildSettings = {
				ASSETCATALOG_COMPILER_APPICON_NAME = AppIcon;
				CODE_SIGN_ENTITLEMENTS = NewsApp/NewsApp.entitlements;
				CODE_SIGN_STYLE = Automatic;
				DEVELOPMENT_TEAM = X4HK63PPXB;
				INFOPLIST_FILE = NewsApp/Info.plist;
				LD_RUNPATH_SEARCH_PATHS = (
					"$(inherited)",
					"@executable_path/Frameworks",
				);
				PRODUCT_BUNDLE_IDENTIFIER = com.app1.NewsApp;
				PRODUCT_NAME = "$(TARGET_NAME)";
				TARGETED_DEVICE_FAMILY = "1,2";
			};
			name = Release;
		};
/* End XCBuildConfiguration section */

/* Begin XCConfigurationList section */
		CE0CB974217E0D620029D13F /* Build configuration list for PBXProject "NewsApp" */ = {
			isa = XCConfigurationList;
			buildConfigurations = (
				CE0CB98D217E0D640029D13F /* Debug */,
				CE0CB98E217E0D640029D13F /* Release */,
			);
			defaultConfigurationIsVisible = 0;
			defaultConfigurationName = Release;
		};
		CE0CB98F217E0D640029D13F /* Build configuration list for PBXNativeTarget "NewsApp" */ = {
			isa = XCConfigurationList;
			buildConfigurations = (
				CE0CB990217E0D640029D13F /* Debug */,
				CE0CB991217E0D640029D13F /* Release */,
			);
			defaultConfigurationIsVisible = 0;
			defaultConfigurationName = Release;
		};
/* End XCConfigurationList section */
	};
	rootObject = CE0CB971217E0D620029D13F /* Project object */;
}
